
Microsoft Visual Studio Solution File, Format Version 12.00
# Visual Studio Version 17
VisualStudioVersion = 17.8.34525.116
MinimumVisualStudioVersion = 10.0.40219.1
Project("{FAE04EC0-301F-11D3-BF4B-00C04F79EFBC}") = "Employees Management", "Employees Management\Employees Management.csproj", "{81BB068D-4B0D-464E-B43D-7192EB0D032A}"
EndProject
Global
	GlobalSection(SolutionConfigurationPlatforms) = preSolution
		Debug|Any CPU = Debug|Any CPU
		Release|Any CPU = Release|Any CPU
	EndGlobalSection
	GlobalSection(ProjectConfigurationPlatforms) = postSolution
		{81BB068D-4B0D-464E-B43D-7192EB0D032A}.Debug|Any CPU.ActiveCfg = Debug|Any CPU
		{81BB068D-4B0D-464E-B43D-7192EB0D032A}.Debug|Any CPU.Build.0 = Debug|Any CPU
		{81BB068D-4B0D-464E-B43D-7192EB0D032A}.Release|Any CPU.ActiveCfg = Release|Any CPU
		{81BB068D-4B0D-464E-B43D-7192EB0D032A}.Release|Any CPU.Build.0 = Release|Any CPU
	EndGlobalSection
	GlobalSection(SolutionProperties) = preSolution
		HideSolutionNode = FALSE
	EndGlobalSection
	GlobalSection(ExtensibilityGlobals) = postSolution
		SolutionGuid = {05260A00-2C29-4F20-BEE7-07B299095796}
	EndGlobalSection
EndGlobal
